
Microsoft Visual Studio Solution File, Format Version 12.00
# Visual Studio Version 17
VisualStudioVersion = 17.5.33502.453
MinimumVisualStudioVersion = 10.0.40219.1
Project("{FAE04EC0-301F-11D3-BF4B-00C04F79EFBC}") = "JobPortal", "JobPortal.csproj", "{90E4BEAF-C13A-4165-9A55-3622A974B550}"
EndProject
Global
	GlobalSection(SolutionConfigurationPlatforms) = preSolution
		Debug|Any CPU = Debug|Any CPU
		Release|Any CPU = Release|Any CPU
	EndGlobalSection
	GlobalSection(ProjectConfigurationPlatforms) = postSolution
		{90E4BEAF-C13A-4165-9A55-3622A974B550}.Debug|Any CPU.ActiveCfg = Debug|Any CPU
		{90E4BEAF-C13A-4165-9A55-3622A974B550}.Debug|Any CPU.Build.0 = Debug|Any CPU
		{90E4BEAF-C13A-4165-9A55-3622A974B550}.Release|Any CPU.ActiveCfg = Release|Any CPU
		{90E4BEAF-C13A-4165-9A55-3622A974B550}.Release|Any CPU.Build.0 = Release|Any CPU
	EndGlobalSection
	GlobalSection(SolutionProperties) = preSolution
		HideSolutionNode = FALSE
	EndGlobalSection
	GlobalSection(ExtensibilityGlobals) = postSolution
		SolutionGuid = {96C0ADF2-E776-4996-B97A-B69B4806A5B7}
	EndGlobalSection
EndGlobal
